
Microsoft Visual Studio Solution File, Format Version 11.00
# Visual Studio 2010
Project("{FAE04EC0-301F-11D3-BF4B-00C04F79EFBC}") = "LibraryManagement.Model", "LibraryManagement.Model\LibraryManagement.Model.csproj", "{971A6781-910C-451D-A463-F112A24E986B}"
EndProject
Project("{FAE04EC0-301F-11D3-BF4B-00C04F79EFBC}") = "LibraryManagement.Contracts", "LibraryManagement.Contracts\LibraryManagement.Contracts.csproj", "{42B77CBA-00B2-4450-8F85-BE2DFB84070F}"
EndProject
Global
	GlobalSection(SolutionConfigurationPlatforms) = preSolution
		Debug|Any CPU = Debug|Any CPU
		Release|Any CPU = Release|Any CPU
	EndGlobalSection
	GlobalSection(ProjectConfigurationPlatforms) = postSolution
		{971A6781-910C-451D-A463-F112A24E986B}.Debug|Any CPU.ActiveCfg = Debug|Any CPU
		{971A6781-910C-451D-A463-F112A24E986B}.Debug|Any CPU.Build.0 = Debug|Any CPU
		{971A6781-910C-451D-A463-F112A24E986B}.Release|Any CPU.ActiveCfg = Release|Any CPU
		{971A6781-910C-451D-A463-F112A24E986B}.Release|Any CPU.Build.0 = Release|Any CPU
		{42B77CBA-00B2-4450-8F85-BE2DFB84070F}.Debug|Any CPU.ActiveCfg = Debug|Any CPU
		{42B77CBA-00B2-4450-8F85-BE2DFB84070F}.Debug|Any CPU.Build.0 = Debug|Any CPU
		{42B77CBA-00B2-4450-8F85-BE2DFB84070F}.Release|Any CPU.ActiveCfg = Release|Any CPU
		{42B77CBA-00B2-4450-8F85-BE2DFB84070F}.Release|Any CPU.Build.0 = Release|Any CPU
	EndGlobalSection
	GlobalSection(SolutionProperties) = preSolution
		HideSolutionNode = FALSE
	EndGlobalSection
EndGlobal
